
Microsoft Visual Studio Solution File, Format Version 12.00
# Visual Studio Version 17
VisualStudioVersion = 17.10.35013.160
MinimumVisualStudioVersion = 10.0.40219.1
Project("{9A19103F-16F7-4668-BE54-9A1E7A4F7556}") = "GestaoDefeitos.Infrastructure", "GestaoDefeitos.Infrastructure\GestaoDefeitos.Infrastructure.csproj", "{2633BBFE-3A10-4F1D-8090-FD5707C63AC6}"
EndProject
Project("{9A19103F-16F7-4668-BE54-9A1E7A4F7556}") = "GestaoDefeitos.Domain", "GestaoDefeitos.Core\GestaoDefeitos.Domain.csproj", "{4260215D-FD9E-4CDE-AC35-3A54088A043B}"
EndProject
Project("{9A19103F-16F7-4668-BE54-9A1E7A4F7556}") = "GestaoDefeitos.Application", "GestaoDefeitos.Application\GestaoDefeitos.Application.csproj", "{0EF3DB19-7C48-4DF7-811D-87E9F8512ACE}"
EndProject
Project("{9A19103F-16F7-4668-BE54-9A1E7A4F7556}") = "GestaoDefeitos.WebApi", "GestaoDefeitos.WebApi\GestaoDefeitos.WebApi.csproj", "{0E536C92-12AB-4337-B5F2-03D76DBD073C}"
EndProject
Project("{E53339B2-1760-4266-BCC7-CA923CBCF16C}") = "docker-compose", "docker-compose.dcproj", "{AE496E0D-47D5-4732-A11F-7A7D2527533F}"
EndProject
Global
	GlobalSection(SolutionConfigurationPlatforms) = preSolution
		Debug|Any CPU = Debug|Any CPU
		Release|Any CPU = Release|Any CPU
	EndGlobalSection
	GlobalSection(ProjectConfigurationPlatforms) = postSolution
		{2633BBFE-3A10-4F1D-8090-FD5707C63AC6}.Debug|Any CPU.ActiveCfg = Debug|Any CPU
		{2633BBFE-3A10-4F1D-8090-FD5707C63AC6}.Debug|Any CPU.Build.0 = Debug|Any CPU
		{2633BBFE-3A10-4F1D-8090-FD5707C63AC6}.Release|Any CPU.ActiveCfg = Release|Any CPU
		{2633BBFE-3A10-4F1D-8090-FD5707C63AC6}.Release|Any CPU.Build.0 = Release|Any CPU
		{4260215D-FD9E-4CDE-AC35-3A54088A043B}.Debug|Any CPU.ActiveCfg = Debug|Any CPU
		{4260215D-FD9E-4CDE-AC35-3A54088A043B}.Debug|Any CPU.Build.0 = Debug|Any CPU
		{4260215D-FD9E-4CDE-AC35-3A54088A043B}.Release|Any CPU.ActiveCfg = Release|Any CPU
		{4260215D-FD9E-4CDE-AC35-3A54088A043B}.Release|Any CPU.Build.0 = Release|Any CPU
		{0EF3DB19-7C48-4DF7-811D-87E9F8512ACE}.Debug|Any CPU.ActiveCfg = Debug|Any CPU
		{0EF3DB19-7C48-4DF7-811D-87E9F8512ACE}.Debug|Any CPU.Build.0 = Debug|Any CPU
		{0EF3DB19-7C48-4DF7-811D-87E9F8512ACE}.Release|Any CPU.ActiveCfg = Release|Any CPU
		{0EF3DB19-7C48-4DF7-811D-87E9F8512ACE}.Release|Any CPU.Build.0 = Release|Any CPU
		{0E536C92-12AB-4337-B5F2-03D76DBD073C}.Debug|Any CPU.ActiveCfg = Debug|Any CPU
		{0E536C92-12AB-4337-B5F2-03D76DBD073C}.Debug|Any CPU.Build.0 = Debug|Any CPU
		{0E536C92-12AB-4337-B5F2-03D76DBD073C}.Release|Any CPU.ActiveCfg = Release|Any CPU
		{0E536C92-12AB-4337-B5F2-03D76DBD073C}.Release|Any CPU.Build.0 = Release|Any CPU
		{AE496E0D-47D5-4732-A11F-7A7D2527533F}.Debug|Any CPU.ActiveCfg = Debug|Any CPU
		{AE496E0D-47D5-4732-A11F-7A7D2527533F}.Debug|Any CPU.Build.0 = Debug|Any CPU
		{AE496E0D-47D5-4732-A11F-7A7D2527533F}.Release|Any CPU.ActiveCfg = Release|Any CPU
		{AE496E0D-47D5-4732-A11F-7A7D2527533F}.Release|Any CPU.Build.0 = Release|Any CPU
	EndGlobalSection
	GlobalSection(SolutionProperties) = preSolution
		HideSolutionNode = FALSE
	EndGlobalSection
	GlobalSection(ExtensibilityGlobals) = postSolution
		SolutionGuid = {5512C988-5122-4ED1-9AEC-0FB04C3601A1}
	EndGlobalSection
EndGlobal
